
Microsoft Visual Studio Solution File, Format Version 12.00
Project("{FAE04EC0-301F-11D3-BF4B-00C04F79EFBC}") = "matrixProject", "matrixProject\matrixProject.csproj", "{EEB7E153-330E-4F4E-894E-A6AF24B0EF25}"
EndProject
Global
	GlobalSection(SolutionConfigurationPlatforms) = preSolution
		Debug|Any CPU = Debug|Any CPU
		Release|Any CPU = Release|Any CPU
	EndGlobalSection
	GlobalSection(ProjectConfigurationPlatforms) = postSolution
		{EEB7E153-330E-4F4E-894E-A6AF24B0EF25}.Debug|Any CPU.ActiveCfg = Debug|Any CPU
		{EEB7E153-330E-4F4E-894E-A6AF24B0EF25}.Debug|Any CPU.Build.0 = Debug|Any CPU
		{EEB7E153-330E-4F4E-894E-A6AF24B0EF25}.Release|Any CPU.ActiveCfg = Release|Any CPU
		{EEB7E153-330E-4F4E-894E-A6AF24B0EF25}.Release|Any CPU.Build.0 = Release|Any CPU
	EndGlobalSection
EndGlobal
